// !$*UTF8*$!
{
	archiveVersion = 1;
	classes = {
	};
	objectVersion = 56;
	objects = {

/* Begin PBXBuildFile section */
		49CAF2C82B53D1E50067C2A6 /* LandmarksApp.swift in Sources */ = {isa = PBXBuildFile; fileRef = 49CAF2C72B53D1E50067C2A6 /* LandmarksApp.swift */; };
		49CAF2CA2B53D1E50067C2A6 /* ContentView.swift in Sources */ = {isa = PBXBuildFile; fileRef = 49CAF2C92B53D1E50067C2A6 /* ContentView.swift */; };
		49CAF2CC2B53D1E70067C2A6 /* Assets.xcassets in Resources */ = {isa = PBXBuildFile; fileRef = 49CAF2CB2B53D1E70067C2A6 /* Assets.xcassets */; };
		49CAF2CF2B53D1E70067C2A6 /* Preview Assets.xcassets in Resources */ = {isa = PBXBuildFile; fileRef = 49CAF2CE2B53D1E70067C2A6 /* Preview Assets.xcassets */; };
		49CAF2F22B53F2980067C2A6 /* CircleImage.swift in Sources */ = {isa = PBXBuildFile; fileRef = 49CAF2F12B53F2980067C2A6 /* CircleImage.swift */; };
		49CAF2F42B53F4920067C2A6 /* MapView.swift in Sources */ = {isa = PBXBuildFile; fileRef = 49CAF2F32B53F4920067C2A6 /* MapView.swift */; };
		49CAF2F62B53FE790067C2A6 /* landmarkData.json in Resources */ = {isa = PBXBuildFile; fileRef = 49CAF2F52B53FE790067C2A6 /* landmarkData.json */; };
		49D776792C05377D005B2161 /* HexagonParameters.swift in Sources */ = {isa = PBXBuildFile; fileRef = 49D776782C05377D005B2161 /* HexagonParameters.swift */; };
		49D7767B2C053AC9005B2161 /* BadgeBackground.swift in Sources */ = {isa = PBXBuildFile; fileRef = 49D7767A2C053AC9005B2161 /* BadgeBackground.swift */; };
		49D7767D2C0543E7005B2161 /* BadgeSymbol.swift in Sources */ = {isa = PBXBuildFile; fileRef = 49D7767C2C0543E7005B2161 /* BadgeSymbol.swift */; };
		49D7767F2C054528005B2161 /* RotatedBadgeSymbol.swift in Sources */ = {isa = PBXBuildFile; fileRef = 49D7767E2C054528005B2161 /* RotatedBadgeSymbol.swift */; };
		49D776812C054654005B2161 /* Badge.swift in Sources */ = {isa = PBXBuildFile; fileRef = 49D776802C054654005B2161 /* Badge.swift */; };
		49DF052F2C0448B40087AE8C /* Landmark.swift in Sources */ = {isa = PBXBuildFile; fileRef = 49DF052E2C0448B40087AE8C /* Landmark.swift */; };
		49DF05312C044E760087AE8C /* ModelData.swift in Sources */ = {isa = PBXBuildFile; fileRef = 49DF05302C044E760087AE8C /* ModelData.swift */; };
		49DF05352C0455830087AE8C /* LandmarkRow.swift in Sources */ = {isa = PBXBuildFile; fileRef = 49DF05342C0455830087AE8C /* LandmarkRow.swift */; };
		49DF05372C0459510087AE8C /* LandmarkList.swift in Sources */ = {isa = PBXBuildFile; fileRef = 49DF05362C0459510087AE8C /* LandmarkList.swift */; };
		49DF05392C0466A40087AE8C /* LandmarkDetail.swift in Sources */ = {isa = PBXBuildFile; fileRef = 49DF05382C0466A40087AE8C /* LandmarkDetail.swift */; };
		49DF053B2C048CAE0087AE8C /* FavoriteButton.swift in Sources */ = {isa = PBXBuildFile; fileRef = 49DF053A2C048CAE0087AE8C /* FavoriteButton.swift */; };
		49E70B952C07EB6D00AA1DC7 /* hikeData.json in Resources */ = {isa = PBXBuildFile; fileRef = 49E70B942C07EB6D00AA1DC7 /* hikeData.json */; };
		49E70B972C07EBAE00AA1DC7 /* Hike.swift in Sources */ = {isa = PBXBuildFile; fileRef = 49E70B962C07EBAE00AA1DC7 /* Hike.swift */; };
		49E70B9D2C07F00400AA1DC7 /* GraphCapsule.swift in Sources */ = {isa = PBXBuildFile; fileRef = 49E70B982C07F00400AA1DC7 /* GraphCapsule.swift */; };
		49E70B9E2C07F00400AA1DC7 /* HikeDetail.swift in Sources */ = {isa = PBXBuildFile; fileRef = 49E70B992C07F00400AA1DC7 /* HikeDetail.swift */; };
		49E70B9F2C07F00400AA1DC7 /* HikeGraph.swift in Sources */ = {isa = PBXBuildFile; fileRef = 49E70B9A2C07F00400AA1DC7 /* HikeGraph.swift */; };
		49E70BA02C07F00400AA1DC7 /* HikeView.swift in Sources */ = {isa = PBXBuildFile; fileRef = 49E70B9B2C07F00400AA1DC7 /* HikeView.swift */; };
/* End PBXBuildFile section */

/* Begin PBXFileReference section */
		49CAF2C42B53D1E50067C2A6 /* Landmarks.app */ = {isa = PBXFileReference; explicitFileType = wrapper.application; includeInIndex = 0; path = Landmarks.app; sourceTree = BUILT_PRODUCTS_DIR; };
		49CAF2C72B53D1E50067C2A6 /* LandmarksApp.swift */ = {isa = PBXFileReference; lastKnownFileType = sourcecode.swift; path = LandmarksApp.swift; sourceTree = "<group>"; };
		49CAF2C92B53D1E50067C2A6 /* ContentView.swift */ = {isa = PBXFileReference; lastKnownFileType = sourcecode.swift; path = ContentView.swift; sourceTree = "<group>"; };
		49CAF2CB2B53D1E70067C2A6 /* Assets.xcassets */ = {isa = PBXFileReference; lastKnownFileType = folder.assetcatalog; path = Assets.xcassets; sourceTree = "<group>"; };
		49CAF2CE2B53D1E70067C2A6 /* Preview Assets.xcassets */ = {isa = PBXFileReference; lastKnownFileType = folder.assetcatalog; path = "Preview Assets.xcassets"; sourceTree = "<group>"; };
		49CAF2F12B53F2980067C2A6 /* CircleImage.swift */ = {isa = PBXFileReference; lastKnownFileType = sourcecode.swift; path = CircleImage.swift; sourceTree = "<group>"; };
		49CAF2F32B53F4920067C2A6 /* MapView.swift */ = {isa = PBXFileReference; lastKnownFileType = sourcecode.swift; path = MapView.swift; sourceTree = "<group>"; };
		49CAF2F52B53FE790067C2A6 /* landmarkData.json */ = {isa = PBXFileReference; fileEncoding = 4; lastKnownFileType = text.json; path = landmarkData.json; sourceTree = "<group>"; };
		49D776782C05377D005B2161 /* HexagonParameters.swift */ = {isa = PBXFileReference; lastKnownFileType = sourcecode.swift; path = HexagonParameters.swift; sourceTree = "<group>"; };
		49D7767A2C053AC9005B2161 /* BadgeBackground.swift */ = {isa = PBXFileReference; lastKnownFileType = sourcecode.swift; path = BadgeBackground.swift; sourceTree = "<group>"; };
		49D7767C2C0543E7005B2161 /* BadgeSymbol.swift */ = {isa = PBXFileReference; lastKnownFileType = sourcecode.swift; path = BadgeSymbol.swift; sourceTree = "<group>"; };
		49D7767E2C054528005B2161 /* RotatedBadgeSymbol.swift */ = {isa = PBXFileReference; lastKnownFileType = sourcecode.swift; path = RotatedBadgeSymbol.swift; sourceTree = "<group>"; };
		49D776802C054654005B2161 /* Badge.swift */ = {isa = PBXFileReference; lastKnownFileType = sourcecode.swift; path = Badge.swift; sourceTree = "<group>"; };
		49DF052E2C0448B40087AE8C /* Landmark.swift */ = {isa = PBXFileReference; lastKnownFileType = sourcecode.swift; path = Landmark.swift; sourceTree = "<group>"; };
		49DF05302C044E760087AE8C /* ModelData.swift */ = {isa = PBXFileReference; lastKnownFileType = sourcecode.swift; path = ModelData.swift; sourceTree = "<group>"; };
		49DF05342C0455830087AE8C /* LandmarkRow.swift */ = {isa = PBXFileReference; lastKnownFileType = sourcecode.swift; path = LandmarkRow.swift; sourceTree = "<group>"; };
		49DF05362C0459510087AE8C /* LandmarkList.swift */ = {isa = PBXFileReference; lastKnownFileType = sourcecode.swift; path = LandmarkList.swift; sourceTree = "<group>"; };
		49DF05382C0466A40087AE8C /* LandmarkDetail.swift */ = {isa = PBXFileReference; lastKnownFileType = sourcecode.swift; path = LandmarkDetail.swift; sourceTree = "<group>"; };
		49DF053A2C048CAE0087AE8C /* FavoriteButton.swift */ = {isa = PBXFileReference; lastKnownFileType = sourcecode.swift; path = FavoriteButton.swift; sourceTree = "<group>"; };
		49E70B942C07EB6D00AA1DC7 /* hikeData.json */ = {isa = PBXFileReference; fileEncoding = 4; lastKnownFileType = text.json; path = hikeData.json; sourceTree = "<group>"; };
		49E70B962C07EBAE00AA1DC7 /* Hike.swift */ = {isa = PBXFileReference; lastKnownFileType = sourcecode.swift; path = Hike.swift; sourceTree = "<group>"; };
		49E70B982C07F00400AA1DC7 /* GraphCapsule.swift */ = {isa = PBXFileReference; fileEncoding = 4; lastKnownFileType = sourcecode.swift; path = GraphCapsule.swift; sourceTree = "<group>"; };
		49E70B992C07F00400AA1DC7 /* HikeDetail.swift */ = {isa = PBXFileReference; fileEncoding = 4; lastKnownFileType = sourcecode.swift; path = HikeDetail.swift; sourceTree = "<group>"; };
		49E70B9A2C07F00400AA1DC7 /* HikeGraph.swift */ = {isa = PBXFileReference; fileEncoding = 4; lastKnownFileType = sourcecode.swift; path = HikeGraph.swift; sourceTree = "<group>"; };
		49E70B9B2C07F00400AA1DC7 /* HikeView.swift */ = {isa = PBXFileReference; fileEncoding = 4; lastKnownFileType = sourcecode.swift; path = HikeView.swift; sourceTree = "<group>"; };
/* End PBXFileReference section */

/* Begin PBXFrameworksBuildPhase section */
		49CAF2C12B53D1E50067C2A6 /* Frameworks */ = {
			isa = PBXFrameworksBuildPhase;
			buildActionMask = 2147483647;
			files = (
			);
			runOnlyForDeploymentPostprocessing = 0;
		};
/* End PBXFrameworksBuildPhase section */

/* Begin PBXGroup section */
		49BC2F0C2C0491EA00FB9231 /* Landmarks */ = {
			isa = PBXGroup;
			children = (
				49DF05382C0466A40087AE8C /* LandmarkDetail.swift */,
				49DF05362C0459510087AE8C /* LandmarkList.swift */,
				49DF05342C0455830087AE8C /* LandmarkRow.swift */,
			);
			path = Landmarks;
			sourceTree = "<group>";
		};
		49BC2F0D2C0491FC00FB9231 /* Helpers */ = {
			isa = PBXGroup;
			children = (
				49CAF2F12B53F2980067C2A6 /* CircleImage.swift */,
				49DF053A2C048CAE0087AE8C /* FavoriteButton.swift */,
				49CAF2F32B53F4920067C2A6 /* MapView.swift */,
			);
			path = Helpers;
			sourceTree = "<group>";
		};
		49CAF2BB2B53D1E50067C2A6 = {
			isa = PBXGroup;
			children = (
				49CAF2C62B53D1E50067C2A6 /* LandmarksApp */,
				49CAF2C52B53D1E50067C2A6 /* Products */,
			);
			indentWidth = 2;
			sourceTree = "<group>";
			tabWidth = 2;
		};
		49CAF2C52B53D1E50067C2A6 /* Products */ = {
			isa = PBXGroup;
			children = (
				49CAF2C42B53D1E50067C2A6 /* Landmarks.app */,
			);
			name = Products;
			sourceTree = "<group>";
		};
		49CAF2C62B53D1E50067C2A6 /* LandmarksApp */ = {
			isa = PBXGroup;
			children = (
				49CAF2C72B53D1E50067C2A6 /* LandmarksApp.swift */,
				49DF052C2C0447DE0087AE8C /* Views */,
				49DF052D2C0447F30087AE8C /* Model */,
				49DF052B2C0447310087AE8C /* Resources */,
				49CAF2CD2B53D1E70067C2A6 /* Preview Content */,
			);
			path = LandmarksApp;
			sourceTree = "<group>";
		};
		49CAF2CD2B53D1E70067C2A6 /* Preview Content */ = {
			isa = PBXGroup;
			children = (
				49CAF2CE2B53D1E70067C2A6 /* Preview Assets.xcassets */,
			);
			path = "Preview Content";
			sourceTree = "<group>";
		};
		49D04BC52C054B2C00B9A0C2 /* Badges */ = {
			isa = PBXGroup;
			children = (
				49D776782C05377D005B2161 /* HexagonParameters.swift */,
				49D7767A2C053AC9005B2161 /* BadgeBackground.swift */,
				49D7767C2C0543E7005B2161 /* BadgeSymbol.swift */,
				49D7767E2C054528005B2161 /* RotatedBadgeSymbol.swift */,
				49D776802C054654005B2161 /* Badge.swift */,
			);
			path = Badges;
			sourceTree = "<group>";
		};
		49DF052B2C0447310087AE8C /* Resources */ = {
			isa = PBXGroup;
			children = (
				49CAF2CB2B53D1E70067C2A6 /* Assets.xcassets */,
				49E70B942C07EB6D00AA1DC7 /* hikeData.json */,
				49CAF2F52B53FE790067C2A6 /* landmarkData.json */,
			);
			path = Resources;
			sourceTree = "<group>";
		};
		49DF052C2C0447DE0087AE8C /* Views */ = {
			isa = PBXGroup;
			children = (
				49CAF2C92B53D1E50067C2A6 /* ContentView.swift */,
				49E70B9C2C07F00400AA1DC7 /* Hikes */,
				49BC2F0C2C0491EA00FB9231 /* Landmarks */,
				49BC2F0D2C0491FC00FB9231 /* Helpers */,
				49D04BC52C054B2C00B9A0C2 /* Badges */,
			);
			path = Views;
			sourceTree = "<group>";
		};
		49DF052D2C0447F30087AE8C /* Model */ = {
			isa = PBXGroup;
			children = (
				49E70B962C07EBAE00AA1DC7 /* Hike.swift */,
				49DF052E2C0448B40087AE8C /* Landmark.swift */,
				49DF05302C044E760087AE8C /* ModelData.swift */,
			);
			path = Model;
			sourceTree = "<group>";
		};
		49E70B9C2C07F00400AA1DC7 /* Hikes */ = {
			isa = PBXGroup;
			children = (
				49E70B982C07F00400AA1DC7 /* GraphCapsule.swift */,
				49E70B992C07F00400AA1DC7 /* HikeDetail.swift */,
				49E70B9A2C07F00400AA1DC7 /* HikeGraph.swift */,
				49E70B9B2C07F00400AA1DC7 /* HikeView.swift */,
			);
			path = Hikes;
			sourceTree = "<group>";
		};
/* End PBXGroup section */

/* Begin PBXNativeTarget section */
		49CAF2C32B53D1E50067C2A6 /* Landmarks */ = {
			isa = PBXNativeTarget;
			buildConfigurationList = 49CAF2E82B53D1E70067C2A6 /* Build configuration list for PBXNativeTarget "Landmarks" */;
			buildPhases = (
				49DF052A2C0443880087AE8C /* SwiftFormat */,
				49CAF2C02B53D1E50067C2A6 /* Sources */,
				49CAF2C12B53D1E50067C2A6 /* Frameworks */,
				49CAF2C22B53D1E50067C2A6 /* Resources */,
			);
			buildRules = (
			);
			dependencies = (
			);
			name = Landmarks;
			productName = TrySwiftUI;
			productReference = 49CAF2C42B53D1E50067C2A6 /* Landmarks.app */;
			productType = "com.apple.product-type.application";
		};
/* End PBXNativeTarget section */

/* Begin PBXProject section */
		49CAF2BC2B53D1E50067C2A6 /* Project object */ = {
			isa = PBXProject;
			attributes = {
				BuildIndependentTargetsInParallel = 1;
				LastSwiftUpdateCheck = 1520;
				LastUpgradeCheck = 1520;
				TargetAttributes = {
					49CAF2C32B53D1E50067C2A6 = {
						CreatedOnToolsVersion = 15.2;
					};
				};
			};
			buildConfigurationList = 49CAF2BF2B53D1E50067C2A6 /* Build configuration list for PBXProject "TrySwiftUI" */;
			compatibilityVersion = "Xcode 14.0";
			developmentRegion = en;
			hasScannedForEncodings = 0;
			knownRegions = (
				en,
				Base,
			);
			mainGroup = 49CAF2BB2B53D1E50067C2A6;
			productRefGroup = 49CAF2C52B53D1E50067C2A6 /* Products */;
			projectDirPath = "";
			projectRoot = "";
			targets = (
				49CAF2C32B53D1E50067C2A6 /* Landmarks */,
			);
		};
/* End PBXProject section */

/* Begin PBXResourcesBuildPhase section */
		49CAF2C22B53D1E50067C2A6 /* Resources */ = {
			isa = PBXResourcesBuildPhase;
			buildActionMask = 2147483647;
			files = (
				49E70B952C07EB6D00AA1DC7 /* hikeData.json in Resources */,
				49CAF2CF2B53D1E70067C2A6 /* Preview Assets.xcassets in Resources */,
				49CAF2CC2B53D1E70067C2A6 /* Assets.xcassets in Resources */,
				49CAF2F62B53FE790067C2A6 /* landmarkData.json in Resources */,
			);
			runOnlyForDeploymentPostprocessing = 0;
		};
/* End PBXResourcesBuildPhase section */

/* Begin PBXShellScriptBuildPhase section */
		49DF052A2C0443880087AE8C /* SwiftFormat */ = {
			isa = PBXShellScriptBuildPhase;
			alwaysOutOfDate = 1;
			buildActionMask = 8;
			files = (
			);
			inputFileListPaths = (
			);
			inputPaths = (
			);
			name = SwiftFormat;
			outputFileListPaths = (
			);
			outputPaths = (
			);
			runOnlyForDeploymentPostprocessing = 1;
			shellPath = /bin/sh;
			shellScript = "# Type a script or drag a script file from your workspace to insert its path.\nexport PATH=\"$PATH:/opt/homebrew/bin\"\nif which swiftformat > /dev/null; then\n  swiftformat .\nelse\n  echo \"warning: SwiftFormat not installed, download from https://github.com/nicklockwood/SwiftFormat\"\nfi\n";
		};
/* End PBXShellScriptBuildPhase section */

/* Begin PBXSourcesBuildPhase section */
		49CAF2C02B53D1E50067C2A6 /* Sources */ = {
			isa = PBXSourcesBuildPhase;
			buildActionMask = 2147483647;
			files = (
				49CAF2CA2B53D1E50067C2A6 /* ContentView.swift in Sources */,
				49D776812C054654005B2161 /* Badge.swift in Sources */,
				49CAF2F42B53F4920067C2A6 /* MapView.swift in Sources */,
				49E70B9D2C07F00400AA1DC7 /* GraphCapsule.swift in Sources */,
				49E70B9F2C07F00400AA1DC7 /* HikeGraph.swift in Sources */,
				49CAF2C82B53D1E50067C2A6 /* LandmarksApp.swift in Sources */,
				49DF053B2C048CAE0087AE8C /* FavoriteButton.swift in Sources */,
				49D776792C05377D005B2161 /* HexagonParameters.swift in Sources */,
				49E70B972C07EBAE00AA1DC7 /* Hike.swift in Sources */,
				49D7767F2C054528005B2161 /* RotatedBadgeSymbol.swift in Sources */,
				49D7767D2C0543E7005B2161 /* BadgeSymbol.swift in Sources */,
				49DF05372C0459510087AE8C /* LandmarkList.swift in Sources */,
				49E70B9E2C07F00400AA1DC7 /* HikeDetail.swift in Sources */,
				49E70BA02C07F00400AA1DC7 /* HikeView.swift in Sources */,
				49DF05392C0466A40087AE8C /* LandmarkDetail.swift in Sources */,
				49D7767B2C053AC9005B2161 /* BadgeBackground.swift in Sources */,
				49CAF2F22B53F2980067C2A6 /* CircleImage.swift in Sources */,
				49DF052F2C0448B40087AE8C /* Landmark.swift in Sources */,
				49DF05352C0455830087AE8C /* LandmarkRow.swift in Sources */,
				49DF05312C044E760087AE8C /* ModelData.swift in Sources */,
			);
			runOnlyForDeploymentPostprocessing = 0;
		};
/* End PBXSourcesBuildPhase section */

/* Begin XCBuildConfiguration section */
		49CAF2E62B53D1E70067C2A6 /* Debug */ = {
			isa = XCBuildConfiguration;
			buildSettings = {
				ALWAYS_SEARCH_USER_PATHS = NO;
				ASSETCATALOG_COMPILER_GENERATE_SWIFT_ASSET_SYMBOL_EXTENSIONS = YES;
				CLANG_ANALYZER_NONNULL = YES;
				CLANG_ANALYZER_NUMBER_OBJECT_CONVERSION = YES_AGGRESSIVE;
				CLANG_CXX_LANGUAGE_STANDARD = "gnu++20";
				CLANG_ENABLE_MODULES = YES;
				CLANG_ENABLE_OBJC_ARC = YES;
				CLANG_ENABLE_OBJC_WEAK = YES;
				CLANG_WARN_BLOCK_CAPTURE_AUTORELEASING = YES;
				CLANG_WARN_BOOL_CONVERSION = YES;
				CLANG_WARN_COMMA = YES;
				CLANG_WARN_CONSTANT_CONVERSION = YES;
				CLANG_WARN_DEPRECATED_OBJC_IMPLEMENTATIONS = YES;
				CLANG_WARN_DIRECT_OBJC_ISA_USAGE = YES_ERROR;
				CLANG_WARN_DOCUMENTATION_COMMENTS = YES;
				CLANG_WARN_EMPTY_BODY = YES;
				CLANG_WARN_ENUM_CONVERSION = YES;
				CLANG_WARN_INFINITE_RECURSION = YES;
				CLANG_WARN_INT_CONVERSION = YES;
				CLANG_WARN_NON_LITERAL_NULL_CONVERSION = YES;
				CLANG_WARN_OBJC_IMPLICIT_RETAIN_SELF = YES;
				CLANG_WARN_OBJC_LITERAL_CONVERSION = YES;
				CLANG_WARN_OBJC_ROOT_CLASS = YES_ERROR;
				CLANG_WARN_QUOTED_INCLUDE_IN_FRAMEWORK_HEADER = YES;
				CLANG_WARN_RANGE_LOOP_ANALYSIS = YES;
				CLANG_WARN_STRICT_PROTOTYPES = YES;
				CLANG_WARN_SUSPICIOUS_MOVE = YES;
				CLANG_WARN_UNGUARDED_AVAILABILITY = YES_AGGRESSIVE;
				CLANG_WARN_UNREACHABLE_CODE = YES;
				CLANG_WARN__DUPLICATE_METHOD_MATCH = YES;
				COPY_PHASE_STRIP = NO;
				DEBUG_INFORMATION_FORMAT = dwarf;
				ENABLE_STRICT_OBJC_MSGSEND = YES;
				ENABLE_TESTABILITY = YES;
				ENABLE_USER_SCRIPT_SANDBOXING = YES;
				GCC_C_LANGUAGE_STANDARD = gnu17;
				GCC_DYNAMIC_NO_PIC = NO;
				GCC_NO_COMMON_BLOCKS = YES;
				GCC_OPTIMIZATION_LEVEL = 0;
				GCC_PREPROCESSOR_DEFINITIONS = (
					"DEBUG=1",
					"$(inherited)",
				);
				GCC_WARN_64_TO_32_BIT_CONVERSION = YES;
				GCC_WARN_ABOUT_RETURN_TYPE = YES_ERROR;
				GCC_WARN_UNDECLARED_SELECTOR = YES;
				GCC_WARN_UNINITIALIZED_AUTOS = YES_AGGRESSIVE;
				GCC_WARN_UNUSED_FUNCTION = YES;
				GCC_WARN_UNUSED_VARIABLE = YES;
				IPHONEOS_DEPLOYMENT_TARGET = 17.2;
				LOCALIZATION_PREFERS_STRING_CATALOGS = YES;
				MTL_ENABLE_DEBUG_INFO = INCLUDE_SOURCE;
				MTL_FAST_MATH = YES;
				ONLY_ACTIVE_ARCH = YES;
				SDKROOT = iphoneos;
				SWIFT_ACTIVE_COMPILATION_CONDITIONS = "DEBUG $(inherited)";
				SWIFT_OPTIMIZATION_LEVEL = "-Onone";
			};
			name = Debug;
		};
		49CAF2E72B53D1E70067C2A6 /* Release */ = {
			isa = XCBuildConfiguration;
			buildSettings = {
				ALWAYS_SEARCH_USER_PATHS = NO;
				ASSETCATALOG_COMPILER_GENERATE_SWIFT_ASSET_SYMBOL_EXTENSIONS = YES;
				CLANG_ANALYZER_NONNULL = YES;
				CLANG_ANALYZER_NUMBER_OBJECT_CONVERSION = YES_AGGRESSIVE;
				CLANG_CXX_LANGUAGE_STANDARD = "gnu++20";
				CLANG_ENABLE_MODULES = YES;
				CLANG_ENABLE_OBJC_ARC = YES;
				CLANG_ENABLE_OBJC_WEAK = YES;
				CLANG_WARN_BLOCK_CAPTURE_AUTORELEASING = YES;
				CLANG_WARN_BOOL_CONVERSION = YES;
				CLANG_WARN_COMMA = YES;
				CLANG_WARN_CONSTANT_CONVERSION = YES;
				CLANG_WARN_DEPRECATED_OBJC_IMPLEMENTATIONS = YES;
				CLANG_WARN_DIRECT_OBJC_ISA_USAGE = YES_ERROR;
				CLANG_WARN_DOCUMENTATION_COMMENTS = YES;
				CLANG_WARN_EMPTY_BODY = YES;
				CLANG_WARN_ENUM_CONVERSION = YES;
				CLANG_WARN_INFINITE_RECURSION = YES;
				CLANG_WARN_INT_CONVERSION = YES;
				CLANG_WARN_NON_LITERAL_NULL_CONVERSION = YES;
				CLANG_WARN_OBJC_IMPLICIT_RETAIN_SELF = YES;
				CLANG_WARN_OBJC_LITERAL_CONVERSION = YES;
				CLANG_WARN_OBJC_ROOT_CLASS = YES_ERROR;
				CLANG_WARN_QUOTED_INCLUDE_IN_FRAMEWORK_HEADER = YES;
				CLANG_WARN_RANGE_LOOP_ANALYSIS = YES;
				CLANG_WARN_STRICT_PROTOTYPES = YES;
				CLANG_WARN_SUSPICIOUS_MOVE = YES;
				CLANG_WARN_UNGUARDED_AVAILABILITY = YES_AGGRESSIVE;
				CLANG_WARN_UNREACHABLE_CODE = YES;
				CLANG_WARN__DUPLICATE_METHOD_MATCH = YES;
				COPY_PHASE_STRIP = NO;
				DEBUG_INFORMATION_FORMAT = "dwarf-with-dsym";
				ENABLE_NS_ASSERTIONS = NO;
				ENABLE_STRICT_OBJC_MSGSEND = YES;
				ENABLE_USER_SCRIPT_SANDBOXING = YES;
				GCC_C_LANGUAGE_STANDARD = gnu17;
				GCC_NO_COMMON_BLOCKS = YES;
				GCC_WARN_64_TO_32_BIT_CONVERSION = YES;
				GCC_WARN_ABOUT_RETURN_TYPE = YES_ERROR;
				GCC_WARN_UNDECLARED_SELECTOR = YES;
				GCC_WARN_UNINITIALIZED_AUTOS = YES_AGGRESSIVE;
				GCC_WARN_UNUSED_FUNCTION = YES;
				GCC_WARN_UNUSED_VARIABLE = YES;
				IPHONEOS_DEPLOYMENT_TARGET = 17.2;
				LOCALIZATION_PREFERS_STRING_CATALOGS = YES;
				MTL_ENABLE_DEBUG_INFO = NO;
				MTL_FAST_MATH = YES;
				SDKROOT = iphoneos;
				SWIFT_COMPILATION_MODE = wholemodule;
				VALIDATE_PRODUCT = YES;
			};
			name = Release;
		};
		49CAF2E92B53D1E70067C2A6 /* Debug */ = {
			isa = XCBuildConfiguration;
			buildSettings = {
				ASSETCATALOG_COMPILER_APPICON_NAME = AppIcon;
				ASSETCATALOG_COMPILER_GLOBAL_ACCENT_COLOR_NAME = AccentColor;
				CODE_SIGN_STYLE = Automatic;
				CURRENT_PROJECT_VERSION = 1;
				DEVELOPMENT_ASSET_PATHS = "LandmarksApp/Preview\\ Content";
				ENABLE_PREVIEWS = YES;
				ENABLE_USER_SCRIPT_SANDBOXING = NO;
				GENERATE_INFOPLIST_FILE = YES;
				INFOPLIST_KEY_UIApplicationSceneManifest_Generation = YES;
				INFOPLIST_KEY_UIApplicationSupportsIndirectInputEvents = YES;
				INFOPLIST_KEY_UILaunchScreen_Generation = YES;
				INFOPLIST_KEY_UISupportedInterfaceOrientations_iPad = "UIInterfaceOrientationPortrait UIInterfaceOrientationPortraitUpsideDown UIInterfaceOrientationLandscapeLeft UIInterfaceOrientationLandscapeRight";
				INFOPLIST_KEY_UISupportedInterfaceOrientations_iPhone = "UIInterfaceOrientationPortrait UIInterfaceOrientationLandscapeLeft UIInterfaceOrientationLandscapeRight";
				IPHONEOS_DEPLOYMENT_TARGET = 17.0;
				LD_RUNPATH_SEARCH_PATHS = (
					"$(inherited)",
					"@executable_path/Frameworks",
				);
				MARKETING_VERSION = 1.0;
				PRODUCT_BUNDLE_IDENTIFIER = dev.tinygram.TrySwiftUI.Landmarks;
				PRODUCT_NAME = "$(TARGET_NAME)";
				SWIFT_EMIT_LOC_STRINGS = YES;
				SWIFT_VERSION = 5.0;
				TARGETED_DEVICE_FAMILY = "1,2";
			};
			name = Debug;
		};
		49CAF2EA2B53D1E70067C2A6 /* Release */ = {
			isa = XCBuildConfiguration;
			buildSettings = {
				ASSETCATALOG_COMPILER_APPICON_NAME = AppIcon;
				ASSETCATALOG_COMPILER_GLOBAL_ACCENT_COLOR_NAME = AccentColor;
				CODE_SIGN_STYLE = Automatic;
				CURRENT_PROJECT_VERSION = 1;
				DEVELOPMENT_ASSET_PATHS = "LandmarksApp/Preview\\ Content";
				ENABLE_PREVIEWS = YES;
				ENABLE_USER_SCRIPT_SANDBOXING = NO;
				GENERATE_INFOPLIST_FILE = YES;
				INFOPLIST_KEY_UIApplicationSceneManifest_Generation = YES;
				INFOPLIST_KEY_UIApplicationSupportsIndirectInputEvents = YES;
				INFOPLIST_KEY_UILaunchScreen_Generation = YES;
				INFOPLIST_KEY_UISupportedInterfaceOrientations_iPad = "UIInterfaceOrientationPortrait UIInterfaceOrientationPortraitUpsideDown UIInterfaceOrientationLandscapeLeft UIInterfaceOrientationLandscapeRight";
				INFOPLIST_KEY_UISupportedInterfaceOrientations_iPhone = "UIInterfaceOrientationPortrait UIInterfaceOrientationLandscapeLeft UIInterfaceOrientationLandscapeRight";
				IPHONEOS_DEPLOYMENT_TARGET = 17.0;
				LD_RUNPATH_SEARCH_PATHS = (
					"$(inherited)",
					"@executable_path/Frameworks",
				);
				MARKETING_VERSION = 1.0;
				PRODUCT_BUNDLE_IDENTIFIER = dev.tinygram.TrySwiftUI.Landmarks;
				PRODUCT_NAME = "$(TARGET_NAME)";
				SWIFT_EMIT_LOC_STRINGS = YES;
				SWIFT_VERSION = 5.0;
				TARGETED_DEVICE_FAMILY = "1,2";
			};
			name = Release;
		};
/* End XCBuildConfiguration section */

/* Begin XCConfigurationList section */
		49CAF2BF2B53D1E50067C2A6 /* Build configuration list for PBXProject "TrySwiftUI" */ = {
			isa = XCConfigurationList;
			buildConfigurations = (
				49CAF2E62B53D1E70067C2A6 /* Debug */,
				49CAF2E72B53D1E70067C2A6 /* Release */,
			);
			defaultConfigurationIsVisible = 0;
			defaultConfigurationName = Release;
		};
		49CAF2E82B53D1E70067C2A6 /* Build configuration list for PBXNativeTarget "Landmarks" */ = {
			isa = XCConfigurationList;
			buildConfigurations = (
				49CAF2E92B53D1E70067C2A6 /* Debug */,
				49CAF2EA2B53D1E70067C2A6 /* Release */,
			);
			defaultConfigurationIsVisible = 0;
			defaultConfigurationName = Release;
		};
/* End XCConfigurationList section */
	};
	rootObject = 49CAF2BC2B53D1E50067C2A6 /* Project object */;
}
